
Microsoft Visual Studio Solution File, Format Version 12.00
# Visual Studio Version 17
VisualStudioVersion = 17.8.34525.116
MinimumVisualStudioVersion = 10.0.40219.1
Project("{FAE04EC0-301F-11D3-BF4B-00C04F79EFBC}") = "AdvanceMarsNUnit", "AdvanceMarsNUnit.csproj", "{5D222BC9-3D04-44F3-B91F-2605F2CE2C14}"
EndProject
Global
	GlobalSection(SolutionConfigurationPlatforms) = preSolution
		Debug|Any CPU = Debug|Any CPU
		Release|Any CPU = Release|Any CPU
	EndGlobalSection
	GlobalSection(ProjectConfigurationPlatforms) = postSolution
		{5D222BC9-3D04-44F3-B91F-2605F2CE2C14}.Debug|Any CPU.ActiveCfg = Debug|Any CPU
		{5D222BC9-3D04-44F3-B91F-2605F2CE2C14}.Debug|Any CPU.Build.0 = Debug|Any CPU
		{5D222BC9-3D04-44F3-B91F-2605F2CE2C14}.Release|Any CPU.ActiveCfg = Release|Any CPU
		{5D222BC9-3D04-44F3-B91F-2605F2CE2C14}.Release|Any CPU.Build.0 = Release|Any CPU
	EndGlobalSection
	GlobalSection(SolutionProperties) = preSolution
		HideSolutionNode = FALSE
	EndGlobalSection
	GlobalSection(ExtensibilityGlobals) = postSolution
		SolutionGuid = {3CB583AE-CCBF-4E54-A371-5E45ABE59FC2}
	EndGlobalSection
EndGlobal
